{
  "nodes": {
    "emacs-overlay": {
      "locked": {
        "lastModified": 1629423968,
        "narHash": "sha256-6n3CwyynvUD0weHgP1aAqmh4Dg1GzB9hHdTZpz9vEaU=",
        "owner": "nix-community",
        "repo": "emacs-overlay",
        "rev": "3fb39c072d37b91002df4e11c0109ee004654d8c",
        "type": "github"
      },
      "original": {
        "owner": "nix-community",
        "repo": "emacs-overlay",
        "type": "github"
      }
    },
    "flake-utils": {
      "locked": {
        "lastModified": 1623875721,
        "narHash": "sha256-A8BU7bjS5GirpAUv4QA+QnJ4CceLHkcXdRp4xITDB0s=",
        "owner": "numtide",
        "repo": "flake-utils",
        "rev": "f7e004a55b120c02ecb6219596820fcd32ca8772",
        "type": "github"
      },
      "original": {
        "owner": "numtide",
        "repo": "flake-utils",
        "type": "github"
      }
    },
    "home-manager": {
      "inputs": {
        "nixpkgs": [
          "nixpkgs"
        ]
      },
      "locked": {
        "lastModified": 1629347633,
        "narHash": "sha256-FGZJ7lmTAMIkjdrh6dIPck5HuB4KMT2GgDV5ZjiCWoc=",
        "owner": "rycee",
        "repo": "home-manager",
        "rev": "bf6b85136b47ab1a76df4a90ea4850871147494a",
        "type": "github"
      },
      "original": {
        "owner": "rycee",
        "ref": "master",
        "repo": "home-manager",
        "type": "github"
      }
    },
    "neovim-git": {
      "inputs": {
        "flake-utils": "flake-utils",
        "nixpkgs": "nixpkgs"
      },
      "locked": {
        "dir": "contrib",
        "lastModified": 1629397698,
        "narHash": "sha256-o57CMy5X8Xtw2pA1N3hYLxkXiL4M4x6hliMO3eFa6Gg=",
        "owner": "neovim",
        "repo": "neovim",
        "rev": "2ae9ff128583984145ce38e61bbe9047871616bf",
        "type": "github"
      },
      "original": {
        "dir": "contrib",
        "owner": "neovim",
        "repo": "neovim",
        "type": "github"
      }
    },
    "nixpkgs": {
      "locked": {
        "lastModified": 1625697353,
        "narHash": "sha256-/v85RkZ0Z+lxipkG2sjYNRINktc8VySbLQmPbirY0hQ=",
        "owner": "nixos",
        "repo": "nixpkgs",
        "rev": "87807e64a5ef5206b745a40af118c7be8db73681",
        "type": "github"
      },
      "original": {
        "owner": "nixos",
        "ref": "nixos-unstable",
        "repo": "nixpkgs",
        "type": "github"
      }
    },
    "nixpkgs-unstable": {
      "locked": {
        "lastModified": 1629439170,
        "narHash": "sha256-FN6kE4t/W5n+oVtDIe4FGvZwRQ0T3FO0XFgll678g+E=",
        "owner": "NixOS",
        "repo": "nixpkgs",
        "rev": "2a23aa28d63f7ae956b3b26d36bcd87b214d044e",
        "type": "github"
      },
      "original": {
        "id": "nixpkgs",
        "ref": "master",
        "type": "indirect"
      }
    },
    "nixpkgs_2": {
      "locked": {
        "lastModified": 1629292755,
        "narHash": "sha256-5xMo32NVLnloY9DveqwJO/Cab1+PbTMPqU4WMmawX5M=",
        "owner": "NixOS",
        "repo": "nixpkgs",
        "rev": "253aecf69ed7595aaefabde779aa6449195bebb7",
        "type": "github"
      },
      "original": {
        "id": "nixpkgs",
        "ref": "nixos-unstable",
        "type": "indirect"
      }
    },
    "root": {
      "inputs": {
        "emacs-overlay": "emacs-overlay",
        "home-manager": "home-manager",
        "neovim-git": "neovim-git",
        "nixpkgs": "nixpkgs_2",
        "nixpkgs-unstable": "nixpkgs-unstable"
      }
    }
  },
  "root": "root",
  "version": 7
}
